
Microsoft Visual Studio Solution File, Format Version 12.00
# Visual Studio 15
VisualStudioVersion = 15.0.26228.12
MinimumVisualStudioVersion = 10.0.40219.1
Project("{FAE04EC0-301F-11D3-BF4B-00C04F79EFBC}") = "A_P2", "A_P2\A_P2.csproj", "{221DA77D-85D7-4DD5-B896-FF813EEBDB71}"
EndProject
Project("{FAE04EC0-301F-11D3-BF4B-00C04F79EFBC}") = "SearchAlgorithmsLib", "SearchAlgorithmsLib\SearchAlgorithmsLib.csproj", "{8D4B5BE6-9801-4E2B-B517-6C70795DA338}"
EndProject
Project("{FAE04EC0-301F-11D3-BF4B-00C04F79EFBC}") = "Server", "Server\Server.csproj", "{F629B3D2-EF29-4DF4-8DC2-EBF1163190CC}"
EndProject
Project("{FAE04EC0-301F-11D3-BF4B-00C04F79EFBC}") = "Client", "Client\Client.csproj", "{A27BE8B7-FDD5-4654-BBB0-64C2800C87A0}"
EndProject
Global
	GlobalSection(SolutionConfigurationPlatforms) = preSolution
		Debug|Any CPU = Debug|Any CPU
		Release|Any CPU = Release|Any CPU
	EndGlobalSection
	GlobalSection(ProjectConfigurationPlatforms) = postSolution
		{221DA77D-85D7-4DD5-B896-FF813EEBDB71}.Debug|Any CPU.ActiveCfg = Debug|Any CPU
		{221DA77D-85D7-4DD5-B896-FF813EEBDB71}.Debug|Any CPU.Build.0 = Debug|Any CPU
		{221DA77D-85D7-4DD5-B896-FF813EEBDB71}.Release|Any CPU.ActiveCfg = Release|Any CPU
		{221DA77D-85D7-4DD5-B896-FF813EEBDB71}.Release|Any CPU.Build.0 = Release|Any CPU
		{8D4B5BE6-9801-4E2B-B517-6C70795DA338}.Debug|Any CPU.ActiveCfg = Debug|Any CPU
		{8D4B5BE6-9801-4E2B-B517-6C70795DA338}.Debug|Any CPU.Build.0 = Debug|Any CPU
		{8D4B5BE6-9801-4E2B-B517-6C70795DA338}.Release|Any CPU.ActiveCfg = Release|Any CPU
		{8D4B5BE6-9801-4E2B-B517-6C70795DA338}.Release|Any CPU.Build.0 = Release|Any CPU
		{F629B3D2-EF29-4DF4-8DC2-EBF1163190CC}.Debug|Any CPU.ActiveCfg = Debug|Any CPU
		{F629B3D2-EF29-4DF4-8DC2-EBF1163190CC}.Debug|Any CPU.Build.0 = Debug|Any CPU
		{F629B3D2-EF29-4DF4-8DC2-EBF1163190CC}.Release|Any CPU.ActiveCfg = Release|Any CPU
		{F629B3D2-EF29-4DF4-8DC2-EBF1163190CC}.Release|Any CPU.Build.0 = Release|Any CPU
		{A27BE8B7-FDD5-4654-BBB0-64C2800C87A0}.Debug|Any CPU.ActiveCfg = Debug|Any CPU
		{A27BE8B7-FDD5-4654-BBB0-64C2800C87A0}.Debug|Any CPU.Build.0 = Debug|Any CPU
		{A27BE8B7-FDD5-4654-BBB0-64C2800C87A0}.Release|Any CPU.ActiveCfg = Release|Any CPU
		{A27BE8B7-FDD5-4654-BBB0-64C2800C87A0}.Release|Any CPU.Build.0 = Release|Any CPU
	EndGlobalSection
	GlobalSection(SolutionProperties) = preSolution
		HideSolutionNode = FALSE
	EndGlobalSection
EndGlobal
